// !$*UTF8*$!
{
	archiveVersion = 1;
	classes = {
	};
	objectVersion = 50;
	objects = {

/* Begin PBXBuildFile section */
		845F216C22719D8000F852FD /* AppDelegate.swift in Sources */ = {isa = PBXBuildFile; fileRef = 84EF622A226DEBE900C02DDC /* AppDelegate.swift */; };
		8490ED9322A15167004A60AE /* neurosdk.framework in Frameworks */ = {isa = PBXBuildFile; fileRef = 8490ED9222A15167004A60AE /* neurosdk.framework */; };
		849D8387228BF942002FB692 /* CoreBluetooth.framework in Frameworks */ = {isa = PBXBuildFile; fileRef = 849D8386228BF942002FB692 /* CoreBluetooth.framework */; };
		84CA273E22806BD800B158FE /* RootViewController.swift in Sources */ = {isa = PBXBuildFile; fileRef = 84EF622C226DEBE900C02DDC /* RootViewController.swift */; };
		84CA274022806C1C00B158FE /* libc++.tbd in Frameworks */ = {isa = PBXBuildFile; fileRef = 84CA273F22806C1C00B158FE /* libc++.tbd */; };
		84EF6236226DEBEA00C02DDC /* Assets.xcassets in Resources */ = {isa = PBXBuildFile; fileRef = 84EF6235226DEBEA00C02DDC /* Assets.xcassets */; };
		84EF6239226DEBEA00C02DDC /* LaunchScreen.storyboard in Resources */ = {isa = PBXBuildFile; fileRef = 84EF6237226DEBEA00C02DDC /* LaunchScreen.storyboard */; };
		84EF626A226E166000C02DDC /* Shaders.metal in Sources */ = {isa = PBXBuildFile; fileRef = 84EF6269226E166000C02DDC /* Shaders.metal */; };
/* End PBXBuildFile section */

/* Begin PBXFileReference section */
		8490ED9222A15167004A60AE /* neurosdk.framework */ = {isa = PBXFileReference; lastKnownFileType = wrapper.framework; path = neurosdk.framework; sourceTree = "<group>"; };
		849D8386228BF942002FB692 /* CoreBluetooth.framework */ = {isa = PBXFileReference; lastKnownFileType = wrapper.framework; name = CoreBluetooth.framework; path = System/Library/Frameworks/CoreBluetooth.framework; sourceTree = SDKROOT; };
		84CA273F22806C1C00B158FE /* libc++.tbd */ = {isa = PBXFileReference; lastKnownFileType = "sourcecode.text-based-dylib-definition"; name = "libc++.tbd"; path = "usr/lib/libc++.tbd"; sourceTree = SDKROOT; };
		84EF6227226DEBE900C02DDC /* sample1.app */ = {isa = PBXFileReference; explicitFileType = wrapper.application; includeInIndex = 0; path = sample1.app; sourceTree = BUILT_PRODUCTS_DIR; };
		84EF622A226DEBE900C02DDC /* AppDelegate.swift */ = {isa = PBXFileReference; lastKnownFileType = sourcecode.swift; path = AppDelegate.swift; sourceTree = "<group>"; };
		84EF622C226DEBE900C02DDC /* RootViewController.swift */ = {isa = PBXFileReference; lastKnownFileType = sourcecode.swift; path = RootViewController.swift; sourceTree = "<group>"; };
		84EF6235226DEBEA00C02DDC /* Assets.xcassets */ = {isa = PBXFileReference; lastKnownFileType = folder.assetcatalog; path = Assets.xcassets; sourceTree = "<group>"; };
		84EF6238226DEBEA00C02DDC /* Base */ = {isa = PBXFileReference; lastKnownFileType = file.storyboard; name = Base; path = Base.lproj/LaunchScreen.storyboard; sourceTree = "<group>"; };
		84EF623A226DEBEA00C02DDC /* Info.plist */ = {isa = PBXFileReference; lastKnownFileType = text.plist.xml; path = Info.plist; sourceTree = "<group>"; };
		84EF6269226E166000C02DDC /* Shaders.metal */ = {isa = PBXFileReference; lastKnownFileType = sourcecode.metal; path = Shaders.metal; sourceTree = "<group>"; };
/* End PBXFileReference section */

/* Begin PBXFrameworksBuildPhase section */
		84EF6224226DEBE900C02DDC /* Frameworks */ = {
			isa = PBXFrameworksBuildPhase;
			buildActionMask = 2147483647;
			files = (
				849D8387228BF942002FB692 /* CoreBluetooth.framework in Frameworks */,
				8490ED9322A15167004A60AE /* neurosdk.framework in Frameworks */,
				84CA274022806C1C00B158FE /* libc++.tbd in Frameworks */,
			);
			runOnlyForDeploymentPostprocessing = 0;
		};
/* End PBXFrameworksBuildPhase section */

/* Begin PBXGroup section */
		84EF621E226DEBE900C02DDC = {
			isa = PBXGroup;
			children = (
				84EF6269226E166000C02DDC /* Shaders.metal */,
				84EF6229226DEBE900C02DDC /* sample1 */,
				84EF6228226DEBE900C02DDC /* Products */,
				84EF6240226DEC0200C02DDC /* Frameworks */,
			);
			sourceTree = "<group>";
		};
		84EF6228226DEBE900C02DDC /* Products */ = {
			isa = PBXGroup;
			children = (
				84EF6227226DEBE900C02DDC /* sample1.app */,
			);
			name = Products;
			sourceTree = "<group>";
		};
		84EF6229226DEBE900C02DDC /* sample1 */ = {
			isa = PBXGroup;
			children = (
				84EF622A226DEBE900C02DDC /* AppDelegate.swift */,
				84EF622C226DEBE900C02DDC /* RootViewController.swift */,
				84EF6235226DEBEA00C02DDC /* Assets.xcassets */,
				84EF6237226DEBEA00C02DDC /* LaunchScreen.storyboard */,
				84EF623A226DEBEA00C02DDC /* Info.plist */,
			);
			path = sample1;
			sourceTree = "<group>";
		};
		84EF6240226DEC0200C02DDC /* Frameworks */ = {
			isa = PBXGroup;
			children = (
				8490ED9222A15167004A60AE /* neurosdk.framework */,
				849D8386228BF942002FB692 /* CoreBluetooth.framework */,
				84CA273F22806C1C00B158FE /* libc++.tbd */,
			);
			name = Frameworks;
			sourceTree = "<group>";
		};
/* End PBXGroup section */

/* Begin PBXNativeTarget section */
		84EF6226226DEBE900C02DDC /* sample1 */ = {
			isa = PBXNativeTarget;
			buildConfigurationList = 84EF623D226DEBEA00C02DDC /* Build configuration list for PBXNativeTarget "sample1" */;
			buildPhases = (
				84587FA62270849400DCBE7A /* ShellScript */,
				84EF6223226DEBE900C02DDC /* Sources */,
				84EF6224226DEBE900C02DDC /* Frameworks */,
				84EF6225226DEBE900C02DDC /* Resources */,
			);
			buildRules = (
			);
			dependencies = (
			);
			name = sample1;
			productName = sample1;
			productReference = 84EF6227226DEBE900C02DDC /* sample1.app */;
			productType = "com.apple.product-type.application";
		};
/* End PBXNativeTarget section */

/* Begin PBXProject section */
		84EF621F226DEBE900C02DDC /* Project object */ = {
			isa = PBXProject;
			attributes = {
				LastSwiftUpdateCheck = 1020;
				LastUpgradeCheck = 1020;
				ORGANIZATIONNAME = admin;
				TargetAttributes = {
					84EF6226226DEBE900C02DDC = {
						CreatedOnToolsVersion = 10.2;
						LastSwiftMigration = 1020;
						SystemCapabilities = {
							com.apple.ApplicationGroups.iOS = {
								enabled = 0;
							};
						};
					};
				};
			};
			buildConfigurationList = 84EF6222226DEBE900C02DDC /* Build configuration list for PBXProject "sample1" */;
			compatibilityVersion = "Xcode 9.3";
			developmentRegion = en;
			hasScannedForEncodings = 0;
			knownRegions = (
				en,
				Base,
			);
			mainGroup = 84EF621E226DEBE900C02DDC;
			productRefGroup = 84EF6228226DEBE900C02DDC /* Products */;
			projectDirPath = "";
			projectRoot = "";
			targets = (
				84EF6226226DEBE900C02DDC /* sample1 */,
			);
		};
/* End PBXProject section */

/* Begin PBXResourcesBuildPhase section */
		84EF6225226DEBE900C02DDC /* Resources */ = {
			isa = PBXResourcesBuildPhase;
			buildActionMask = 2147483647;
			files = (
				84EF6239226DEBEA00C02DDC /* LaunchScreen.storyboard in Resources */,
				84EF6236226DEBEA00C02DDC /* Assets.xcassets in Resources */,
			);
			runOnlyForDeploymentPostprocessing = 0;
		};
/* End PBXResourcesBuildPhase section */

/* Begin PBXShellScriptBuildPhase section */
		84587FA62270849400DCBE7A /* ShellScript */ = {
			isa = PBXShellScriptBuildPhase;
			buildActionMask = 2147483647;
			files = (
			);
			inputFileListPaths = (
			);
			inputPaths = (
			);
			outputFileListPaths = (
			);
			outputPaths = (
			);
			runOnlyForDeploymentPostprocessing = 0;
			shellPath = /bin/sh;
			shellScript = "\n\n\n\n# Type a script or drag a script file from your workspace to insert its path.\n# /Users/admin/Documents/NT/ios/sdk/core/build/Debug-iphoneos/neurosdk.framework\necho ${PROJECT_FILE_PATH}\n#rm -rf ${PROJECT_FILE_PATH}/../neurosdk.framework\n#cp -f -R /Users/admin/Library/Developer/Xcode/DerivedData/neurosdk-czpufqssowujmgaitktqmiyiansm/Build/Products/Release-iphoneos/neurosdk.framework ${PROJECT_FILE_PATH}/../neurosdk.framework\n\n\n\n\n\n\n";
		};
/* End PBXShellScriptBuildPhase section */

/* Begin PBXSourcesBuildPhase section */
		84EF6223226DEBE900C02DDC /* Sources */ = {
			isa = PBXSourcesBuildPhase;
			buildActionMask = 2147483647;
			files = (
				845F216C22719D8000F852FD /* AppDelegate.swift in Sources */,
				84EF626A226E166000C02DDC /* Shaders.metal in Sources */,
				84CA273E22806BD800B158FE /* RootViewController.swift in Sources */,
			);
			runOnlyForDeploymentPostprocessing = 0;
		};
/* End PBXSourcesBuildPhase section */

/* Begin PBXVariantGroup section */
		84EF6237226DEBEA00C02DDC /* LaunchScreen.storyboard */ = {
			isa = PBXVariantGroup;
			children = (
				84EF6238226DEBEA00C02DDC /* Base */,
			);
			name = LaunchScreen.storyboard;
			sourceTree = "<group>";
		};
/* End PBXVariantGroup section */

/* Begin XCBuildConfiguration section */
		84EF623B226DEBEA00C02DDC /* Debug */ = {
			isa = XCBuildConfiguration;
			buildSettings = {
				ALWAYS_SEARCH_USER_PATHS = NO;
				CLANG_ANALYZER_NONNULL = YES;
				CLANG_ANALYZER_NUMBER_OBJECT_CONVERSION = YES_AGGRESSIVE;
				CLANG_CXX_LANGUAGE_STANDARD = "gnu++14";
				CLANG_CXX_LIBRARY = "libc++";
				CLANG_ENABLE_MODULES = YES;
				CLANG_ENABLE_OBJC_ARC = YES;
				CLANG_ENABLE_OBJC_WEAK = YES;
				CLANG_WARN_BLOCK_CAPTURE_AUTORELEASING = YES;
				CLANG_WARN_BOOL_CONVERSION = YES;
				CLANG_WARN_COMMA = YES;
				CLANG_WARN_CONSTANT_CONVERSION = YES;
				CLANG_WARN_DEPRECATED_OBJC_IMPLEMENTATIONS = YES;
				CLANG_WARN_DIRECT_OBJC_ISA_USAGE = YES_ERROR;
				CLANG_WARN_DOCUMENTATION_COMMENTS = YES;
				CLANG_WARN_EMPTY_BODY = YES;
				CLANG_WARN_ENUM_CONVERSION = YES;
				CLANG_WARN_INFINITE_RECURSION = YES;
				CLANG_WARN_INT_CONVERSION = YES;
				CLANG_WARN_NON_LITERAL_NULL_CONVERSION = YES;
				CLANG_WARN_OBJC_IMPLICIT_RETAIN_SELF = YES;
				CLANG_WARN_OBJC_LITERAL_CONVERSION = YES;
				CLANG_WARN_OBJC_ROOT_CLASS = YES_ERROR;
				CLANG_WARN_RANGE_LOOP_ANALYSIS = YES;
				CLANG_WARN_STRICT_PROTOTYPES = YES;
				CLANG_WARN_SUSPICIOUS_MOVE = YES;
				CLANG_WARN_UNGUARDED_AVAILABILITY = YES_AGGRESSIVE;
				CLANG_WARN_UNREACHABLE_CODE = YES;
				CLANG_WARN__DUPLICATE_METHOD_MATCH = YES;
				CODE_SIGN_IDENTITY = "iPhone Developer";
				COPY_PHASE_STRIP = NO;
				DEBUG_INFORMATION_FORMAT = dwarf;
				ENABLE_STRICT_OBJC_MSGSEND = YES;
				ENABLE_TESTABILITY = YES;
				GCC_C_LANGUAGE_STANDARD = gnu11;
				GCC_DYNAMIC_NO_PIC = NO;
				GCC_NO_COMMON_BLOCKS = YES;
				GCC_OPTIMIZATION_LEVEL = 0;
				GCC_PREPROCESSOR_DEFINITIONS = (
					"DEBUG=1",
					"$(inherited)",
				);
				GCC_WARN_64_TO_32_BIT_CONVERSION = YES;
				GCC_WARN_ABOUT_RETURN_TYPE = YES_ERROR;
				GCC_WARN_UNDECLARED_SELECTOR = YES;
				GCC_WARN_UNINITIALIZED_AUTOS = YES_AGGRESSIVE;
				GCC_WARN_UNUSED_FUNCTION = YES;
				GCC_WARN_UNUSED_VARIABLE = YES;
				IPHONEOS_DEPLOYMENT_TARGET = 12.2;
				MTL_ENABLE_DEBUG_INFO = INCLUDE_SOURCE;
				MTL_FAST_MATH = YES;
				ONLY_ACTIVE_ARCH = YES;
				SDKROOT = iphoneos;
				SWIFT_ACTIVE_COMPILATION_CONDITIONS = DEBUG;
				SWIFT_OPTIMIZATION_LEVEL = "-Onone";
			};
			name = Debug;
		};
		84EF623C226DEBEA00C02DDC /* Release */ = {
			isa = XCBuildConfiguration;
			buildSettings = {
				ALWAYS_SEARCH_USER_PATHS = NO;
				CLANG_ANALYZER_NONNULL = YES;
				CLANG_ANALYZER_NUMBER_OBJECT_CONVERSION = YES_AGGRESSIVE;
				CLANG_CXX_LANGUAGE_STANDARD = "gnu++14";
				CLANG_CXX_LIBRARY = "libc++";
				CLANG_ENABLE_MODULES = YES;
				CLANG_ENABLE_OBJC_ARC = YES;
				CLANG_ENABLE_OBJC_WEAK = YES;
				CLANG_WARN_BLOCK_CAPTURE_AUTORELEASING = YES;
				CLANG_WARN_BOOL_CONVERSION = YES;
				CLANG_WARN_COMMA = YES;
				CLANG_WARN_CONSTANT_CONVERSION = YES;
				CLANG_WARN_DEPRECATED_OBJC_IMPLEMENTATIONS = YES;
				CLANG_WARN_DIRECT_OBJC_ISA_USAGE = YES_ERROR;
				CLANG_WARN_DOCUMENTATION_COMMENTS = YES;
				CLANG_WARN_EMPTY_BODY = YES;
				CLANG_WARN_ENUM_CONVERSION = YES;
				CLANG_WARN_INFINITE_RECURSION = YES;
				CLANG_WARN_INT_CONVERSION = YES;
				CLANG_WARN_NON_LITERAL_NULL_CONVERSION = YES;
				CLANG_WARN_OBJC_IMPLICIT_RETAIN_SELF = YES;
				CLANG_WARN_OBJC_LITERAL_CONVERSION = YES;
				CLANG_WARN_OBJC_ROOT_CLASS = YES_ERROR;
				CLANG_WARN_RANGE_LOOP_ANALYSIS = YES;
				CLANG_WARN_STRICT_PROTOTYPES = YES;
				CLANG_WARN_SUSPICIOUS_MOVE = YES;
				CLANG_WARN_UNGUARDED_AVAILABILITY = YES_AGGRESSIVE;
				CLANG_WARN_UNREACHABLE_CODE = YES;
				CLANG_WARN__DUPLICATE_METHOD_MATCH = YES;
				CODE_SIGN_IDENTITY = "iPhone Developer";
				COPY_PHASE_STRIP = NO;
				DEBUG_INFORMATION_FORMAT = "dwarf-with-dsym";
				ENABLE_NS_ASSERTIONS = NO;
				ENABLE_STRICT_OBJC_MSGSEND = YES;
				GCC_C_LANGUAGE_STANDARD = gnu11;
				GCC_NO_COMMON_BLOCKS = YES;
				GCC_WARN_64_TO_32_BIT_CONVERSION = YES;
				GCC_WARN_ABOUT_RETURN_TYPE = YES_ERROR;
				GCC_WARN_UNDECLARED_SELECTOR = YES;
				GCC_WARN_UNINITIALIZED_AUTOS = YES_AGGRESSIVE;
				GCC_WARN_UNUSED_FUNCTION = YES;
				GCC_WARN_UNUSED_VARIABLE = YES;
				IPHONEOS_DEPLOYMENT_TARGET = 12.2;
				MTL_ENABLE_DEBUG_INFO = NO;
				MTL_FAST_MATH = YES;
				SDKROOT = iphoneos;
				SWIFT_COMPILATION_MODE = wholemodule;
				SWIFT_OPTIMIZATION_LEVEL = "-O";
				VALIDATE_PRODUCT = YES;
			};
			name = Release;
		};
		84EF623E226DEBEA00C02DDC /* Debug */ = {
			isa = XCBuildConfiguration;
			buildSettings = {
				ASSETCATALOG_COMPILER_APPICON_NAME = AppIcon;
				CLANG_ENABLE_MODULES = YES;
				CODE_SIGN_STYLE = Automatic;
				DEVELOPMENT_TEAM = 84ZC9ZC455;
				FRAMEWORK_SEARCH_PATHS = (
					"$(inherited)",
					"$(PROJECT_DIR)",
				);
				INFOPLIST_FILE = sample1/Info.plist;
				IPHONEOS_DEPLOYMENT_TARGET = 11.0;
				LD_RUNPATH_SEARCH_PATHS = (
					"$(inherited)",
					"@executable_path/Frameworks",
				);
				PRODUCT_BUNDLE_IDENTIFIER = com.techround.sample1;
				PRODUCT_NAME = "$(TARGET_NAME)";
				SWIFT_OBJC_BRIDGING_HEADER = "";
				SWIFT_OPTIMIZATION_LEVEL = "-Onone";
				SWIFT_VERSION = 5.0;
				TARGETED_DEVICE_FAMILY = 1;
			};
			name = Debug;
		};
		84EF623F226DEBEA00C02DDC /* Release */ = {
			isa = XCBuildConfiguration;
			buildSettings = {
				ASSETCATALOG_COMPILER_APPICON_NAME = AppIcon;
				CLANG_ENABLE_MODULES = YES;
				CODE_SIGN_STYLE = Automatic;
				DEVELOPMENT_TEAM = 84ZC9ZC455;
				FRAMEWORK_SEARCH_PATHS = (
					"$(inherited)",
					"$(PROJECT_DIR)",
				);
				INFOPLIST_FILE = sample1/Info.plist;
				IPHONEOS_DEPLOYMENT_TARGET = 11.0;
				LD_RUNPATH_SEARCH_PATHS = (
					"$(inherited)",
					"@executable_path/Frameworks",
				);
				PRODUCT_BUNDLE_IDENTIFIER = com.techround.sample1;
				PRODUCT_NAME = "$(TARGET_NAME)";
				SWIFT_OBJC_BRIDGING_HEADER = "";
				SWIFT_VERSION = 5.0;
				TARGETED_DEVICE_FAMILY = 1;
			};
			name = Release;
		};
/* End XCBuildConfiguration section */

/* Begin XCConfigurationList section */
		84EF6222226DEBE900C02DDC /* Build configuration list for PBXProject "sample1" */ = {
			isa = XCConfigurationList;
			buildConfigurations = (
				84EF623B226DEBEA00C02DDC /* Debug */,
				84EF623C226DEBEA00C02DDC /* Release */,
			);
			defaultConfigurationIsVisible = 0;
			defaultConfigurationName = Release;
		};
		84EF623D226DEBEA00C02DDC /* Build configuration list for PBXNativeTarget "sample1" */ = {
			isa = XCConfigurationList;
			buildConfigurations = (
				84EF623E226DEBEA00C02DDC /* Debug */,
				84EF623F226DEBEA00C02DDC /* Release */,
			);
			defaultConfigurationIsVisible = 0;
			defaultConfigurationName = Release;
		};
/* End XCConfigurationList section */
	};
	rootObject = 84EF621F226DEBE900C02DDC /* Project object */;
}
