// !$*UTF8*$!
{
	archiveVersion = 1;
	classes = {
	};
	objectVersion = 46;
	objects = {

/* Begin PBXBuildFile section */
		E19B7FC11E93E60B006BCB15 /* AppDelegate.swift in Sources */ = {isa = PBXBuildFile; fileRef = E19B7FC01E93E60B006BCB15 /* AppDelegate.swift */; };
		E19B7FC31E93E60B006BCB15 /* FirstViewController.swift in Sources */ = {isa = PBXBuildFile; fileRef = E19B7FC21E93E60B006BCB15 /* FirstViewController.swift */; };
		E19B7FC51E93E60B006BCB15 /* SecondViewController.swift in Sources */ = {isa = PBXBuildFile; fileRef = E19B7FC41E93E60B006BCB15 /* SecondViewController.swift */; };
		E19B7FC81E93E60B006BCB15 /* Main.storyboard in Resources */ = {isa = PBXBuildFile; fileRef = E19B7FC61E93E60B006BCB15 /* Main.storyboard */; };
		E19B7FCA1E93E60B006BCB15 /* Assets.xcassets in Resources */ = {isa = PBXBuildFile; fileRef = E19B7FC91E93E60B006BCB15 /* Assets.xcassets */; };
		E19B7FCD1E93E60B006BCB15 /* LaunchScreen.storyboard in Resources */ = {isa = PBXBuildFile; fileRef = E19B7FCB1E93E60B006BCB15 /* LaunchScreen.storyboard */; };
		E19B7FD61E93E744006BCB15 /* libstdc++.tbd in Frameworks */ = {isa = PBXBuildFile; fileRef = E19B7FD51E93E744006BCB15 /* libstdc++.tbd */; };
		E19B7FD81E93E756006BCB15 /* CoreBluetooth.framework in Frameworks */ = {isa = PBXBuildFile; fileRef = E19B7FD71E93E756006BCB15 /* CoreBluetooth.framework */; };
		E19B7FDA1E93E76D006BCB15 /* libneurosdk.a in Frameworks */ = {isa = PBXBuildFile; fileRef = E19B7FD91E93E76D006BCB15 /* libneurosdk.a */; };
		E19B7FDC1E977AF5006BCB15 /* uDeviceController.swift in Sources */ = {isa = PBXBuildFile; fileRef = E19B7FDB1E977AF5006BCB15 /* uDeviceController.swift */; };
		E19B80011E9FC3E9006BCB15 /* StimulationViewController.swift in Sources */ = {isa = PBXBuildFile; fileRef = E19B80001E9FC3E9006BCB15 /* StimulationViewController.swift */; };
		E19B80091EA0EC75006BCB15 /* StimulationProg.swift in Sources */ = {isa = PBXBuildFile; fileRef = E19B80081EA0EC75006BCB15 /* StimulationProg.swift */; };
		E19B800B1EA4F457006BCB15 /* list-with-dots.png in Resources */ = {isa = PBXBuildFile; fileRef = E19B800A1EA4F457006BCB15 /* list-with-dots.png */; };
		E19B800D1EA4F464006BCB15 /* lightning-electric-energy.png in Resources */ = {isa = PBXBuildFile; fileRef = E19B800C1EA4F464006BCB15 /* lightning-electric-energy.png */; };
		E19B800F1EA4F471006BCB15 /* bluetooth.png in Resources */ = {isa = PBXBuildFile; fileRef = E19B800E1EA4F471006BCB15 /* bluetooth.png */; };
		E1FB7D891EA62ED7000C1B40 /* Localizable.strings in Resources */ = {isa = PBXBuildFile; fileRef = E1FB7D8B1EA62ED7000C1B40 /* Localizable.strings */; };
/* End PBXBuildFile section */

/* Begin PBXFileReference section */
		E19B7FBD1E93E60B006BCB15 /* CalibriMotionAssistant.app */ = {isa = PBXFileReference; explicitFileType = wrapper.application; includeInIndex = 0; path = CalibriMotionAssistant.app; sourceTree = BUILT_PRODUCTS_DIR; };
		E19B7FC01E93E60B006BCB15 /* AppDelegate.swift */ = {isa = PBXFileReference; lastKnownFileType = sourcecode.swift; path = AppDelegate.swift; sourceTree = "<group>"; };
		E19B7FC21E93E60B006BCB15 /* FirstViewController.swift */ = {isa = PBXFileReference; lastKnownFileType = sourcecode.swift; path = FirstViewController.swift; sourceTree = "<group>"; };
		E19B7FC41E93E60B006BCB15 /* SecondViewController.swift */ = {isa = PBXFileReference; lastKnownFileType = sourcecode.swift; path = SecondViewController.swift; sourceTree = "<group>"; };
		E19B7FC71E93E60B006BCB15 /* Base */ = {isa = PBXFileReference; lastKnownFileType = file.storyboard; name = Base; path = Base.lproj/Main.storyboard; sourceTree = "<group>"; };
		E19B7FC91E93E60B006BCB15 /* Assets.xcassets */ = {isa = PBXFileReference; lastKnownFileType = folder.assetcatalog; path = Assets.xcassets; sourceTree = "<group>"; };
		E19B7FCC1E93E60B006BCB15 /* Base */ = {isa = PBXFileReference; lastKnownFileType = file.storyboard; name = Base; path = Base.lproj/LaunchScreen.storyboard; sourceTree = "<group>"; };
		E19B7FCE1E93E60B006BCB15 /* Info.plist */ = {isa = PBXFileReference; lastKnownFileType = text.plist.xml; path = Info.plist; sourceTree = "<group>"; };
		E19B7FD51E93E744006BCB15 /* libstdc++.tbd */ = {isa = PBXFileReference; lastKnownFileType = "sourcecode.text-based-dylib-definition"; name = "libstdc++.tbd"; path = "usr/lib/libstdc++.tbd"; sourceTree = SDKROOT; };
		E19B7FD71E93E756006BCB15 /* CoreBluetooth.framework */ = {isa = PBXFileReference; lastKnownFileType = wrapper.framework; name = CoreBluetooth.framework; path = System/Library/Frameworks/CoreBluetooth.framework; sourceTree = SDKROOT; };
		E19B7FD91E93E76D006BCB15 /* libneurosdk.a */ = {isa = PBXFileReference; lastKnownFileType = archive.ar; name = libneurosdk.a; path = ../../../ios/libneurosdk/out/libneurosdk.a; sourceTree = "<group>"; };
		E19B7FDB1E977AF5006BCB15 /* uDeviceController.swift */ = {isa = PBXFileReference; fileEncoding = 4; lastKnownFileType = sourcecode.swift; path = uDeviceController.swift; sourceTree = "<group>"; };
		E19B80001E9FC3E9006BCB15 /* StimulationViewController.swift */ = {isa = PBXFileReference; fileEncoding = 4; lastKnownFileType = sourcecode.swift; path = StimulationViewController.swift; sourceTree = "<group>"; };
		E19B80081EA0EC75006BCB15 /* StimulationProg.swift */ = {isa = PBXFileReference; fileEncoding = 4; lastKnownFileType = sourcecode.swift; path = StimulationProg.swift; sourceTree = "<group>"; };
		E19B800A1EA4F457006BCB15 /* list-with-dots.png */ = {isa = PBXFileReference; lastKnownFileType = image.png; name = "list-with-dots.png"; path = "../teststimulationapp/teststimulationapp/Assets.xcassets/program.imageset/list-with-dots.png"; sourceTree = "<group>"; };
		E19B800C1EA4F464006BCB15 /* lightning-electric-energy.png */ = {isa = PBXFileReference; lastKnownFileType = image.png; name = "lightning-electric-energy.png"; path = "../teststimulationapp/teststimulationapp/Assets.xcassets/stimul.imageset/lightning-electric-energy.png"; sourceTree = "<group>"; };
		E19B800E1EA4F471006BCB15 /* bluetooth.png */ = {isa = PBXFileReference; lastKnownFileType = image.png; name = bluetooth.png; path = ../teststimulationapp/teststimulationapp/Assets.xcassets/bluetooth.imageset/bluetooth.png; sourceTree = "<group>"; };
		E19B80111EA625C1006BCB15 /* ru */ = {isa = PBXFileReference; lastKnownFileType = text.plist.strings; name = ru; path = ru.lproj/LaunchScreen.strings; sourceTree = "<group>"; };
		E1FB7D8A1EA62ED7000C1B40 /* ru */ = {isa = PBXFileReference; lastKnownFileType = text.plist.strings; name = ru; path = ru.lproj/Localizable.strings; sourceTree = "<group>"; };
		E1FB7D8C1EA62EE2000C1B40 /* Base */ = {isa = PBXFileReference; lastKnownFileType = text.plist.strings; name = Base; path = Base.lproj/Localizable.strings; sourceTree = "<group>"; };
		E1FB7D8E1EA65362000C1B40 /* ru */ = {isa = PBXFileReference; lastKnownFileType = text.plist.strings; name = ru; path = ru.lproj/Main.strings; sourceTree = "<group>"; };
/* End PBXFileReference section */

/* Begin PBXFrameworksBuildPhase section */
		E19B7FBA1E93E60B006BCB15 /* Frameworks */ = {
			isa = PBXFrameworksBuildPhase;
			buildActionMask = 2147483647;
			files = (
				E19B7FDA1E93E76D006BCB15 /* libneurosdk.a in Frameworks */,
				E19B7FD81E93E756006BCB15 /* CoreBluetooth.framework in Frameworks */,
				E19B7FD61E93E744006BCB15 /* libstdc++.tbd in Frameworks */,
			);
			runOnlyForDeploymentPostprocessing = 0;
		};
/* End PBXFrameworksBuildPhase section */

/* Begin PBXGroup section */
		0FA1C2ED1EAF4D270008F161 /* xib */ = {
			isa = PBXGroup;
			children = (
			);
			name = xib;
			sourceTree = "<group>";
		};
		E19B7FB41E93E60B006BCB15 = {
			isa = PBXGroup;
			children = (
				E19B7FBF1E93E60B006BCB15 /* CalibriMotionAssistant */,
				E19B7FBE1E93E60B006BCB15 /* Products */,
				E19B7FD41E93E744006BCB15 /* Frameworks */,
			);
			sourceTree = "<group>";
		};
		E19B7FBE1E93E60B006BCB15 /* Products */ = {
			isa = PBXGroup;
			children = (
				E19B7FBD1E93E60B006BCB15 /* CalibriMotionAssistant.app */,
			);
			name = Products;
			sourceTree = "<group>";
		};
		E19B7FBF1E93E60B006BCB15 /* CalibriMotionAssistant */ = {
			isa = PBXGroup;
			children = (
				0FA1C2ED1EAF4D270008F161 /* xib */,
				E1FB7D8B1EA62ED7000C1B40 /* Localizable.strings */,
				E19B7FC01E93E60B006BCB15 /* AppDelegate.swift */,
				E19B7FC21E93E60B006BCB15 /* FirstViewController.swift */,
				E19B7FC41E93E60B006BCB15 /* SecondViewController.swift */,
				E19B80001E9FC3E9006BCB15 /* StimulationViewController.swift */,
				E19B7FDB1E977AF5006BCB15 /* uDeviceController.swift */,
				E19B80081EA0EC75006BCB15 /* StimulationProg.swift */,
				E19B7FC61E93E60B006BCB15 /* Main.storyboard */,
				E19B7FC91E93E60B006BCB15 /* Assets.xcassets */,
				E19B7FCB1E93E60B006BCB15 /* LaunchScreen.storyboard */,
				E19B7FCE1E93E60B006BCB15 /* Info.plist */,
			);
			path = CalibriMotionAssistant;
			sourceTree = "<group>";
		};
		E19B7FD41E93E744006BCB15 /* Frameworks */ = {
			isa = PBXGroup;
			children = (
				E19B800E1EA4F471006BCB15 /* bluetooth.png */,
				E19B800C1EA4F464006BCB15 /* lightning-electric-energy.png */,
				E19B800A1EA4F457006BCB15 /* list-with-dots.png */,
				E19B7FD91E93E76D006BCB15 /* libneurosdk.a */,
				E19B7FD71E93E756006BCB15 /* CoreBluetooth.framework */,
				E19B7FD51E93E744006BCB15 /* libstdc++.tbd */,
			);
			name = Frameworks;
			sourceTree = "<group>";
		};
/* End PBXGroup section */

/* Begin PBXNativeTarget section */
		E19B7FBC1E93E60B006BCB15 /* CalibriMotionAssistant */ = {
			isa = PBXNativeTarget;
			buildConfigurationList = E19B7FD11E93E60B006BCB15 /* Build configuration list for PBXNativeTarget "CalibriMotionAssistant" */;
			buildPhases = (
				E19B7FB91E93E60B006BCB15 /* Sources */,
				E19B7FBA1E93E60B006BCB15 /* Frameworks */,
				E19B7FBB1E93E60B006BCB15 /* Resources */,
			);
			buildRules = (
			);
			dependencies = (
			);
			name = CalibriMotionAssistant;
			productName = CalibriMotionAssistant;
			productReference = E19B7FBD1E93E60B006BCB15 /* CalibriMotionAssistant.app */;
			productType = "com.apple.product-type.application";
		};
/* End PBXNativeTarget section */

/* Begin PBXProject section */
		E19B7FB51E93E60B006BCB15 /* Project object */ = {
			isa = PBXProject;
			attributes = {
				LastSwiftUpdateCheck = 0820;
				LastUpgradeCheck = 0820;
				ORGANIZATIONNAME = Neurotech;
				TargetAttributes = {
					E19B7FBC1E93E60B006BCB15 = {
						CreatedOnToolsVersion = 8.2.1;
						DevelopmentTeam = 5YB68SUT2A;
						ProvisioningStyle = Automatic;
					};
				};
			};
			buildConfigurationList = E19B7FB81E93E60B006BCB15 /* Build configuration list for PBXProject "CalibriMotionAssistant" */;
			compatibilityVersion = "Xcode 3.2";
			developmentRegion = English;
			hasScannedForEncodings = 0;
			knownRegions = (
				en,
				Base,
				ru,
			);
			mainGroup = E19B7FB41E93E60B006BCB15;
			productRefGroup = E19B7FBE1E93E60B006BCB15 /* Products */;
			projectDirPath = "";
			projectRoot = "";
			targets = (
				E19B7FBC1E93E60B006BCB15 /* CalibriMotionAssistant */,
			);
		};
/* End PBXProject section */

/* Begin PBXResourcesBuildPhase section */
		E19B7FBB1E93E60B006BCB15 /* Resources */ = {
			isa = PBXResourcesBuildPhase;
			buildActionMask = 2147483647;
			files = (
				E19B800F1EA4F471006BCB15 /* bluetooth.png in Resources */,
				E19B800D1EA4F464006BCB15 /* lightning-electric-energy.png in Resources */,
				E19B7FCD1E93E60B006BCB15 /* LaunchScreen.storyboard in Resources */,
				E1FB7D891EA62ED7000C1B40 /* Localizable.strings in Resources */,
				E19B800B1EA4F457006BCB15 /* list-with-dots.png in Resources */,
				E19B7FCA1E93E60B006BCB15 /* Assets.xcassets in Resources */,
				E19B7FC81E93E60B006BCB15 /* Main.storyboard in Resources */,
			);
			runOnlyForDeploymentPostprocessing = 0;
		};
/* End PBXResourcesBuildPhase section */

/* Begin PBXSourcesBuildPhase section */
		E19B7FB91E93E60B006BCB15 /* Sources */ = {
			isa = PBXSourcesBuildPhase;
			buildActionMask = 2147483647;
			files = (
				E19B7FC51E93E60B006BCB15 /* SecondViewController.swift in Sources */,
				E19B7FC11E93E60B006BCB15 /* AppDelegate.swift in Sources */,
				E19B7FC31E93E60B006BCB15 /* FirstViewController.swift in Sources */,
				E19B80091EA0EC75006BCB15 /* StimulationProg.swift in Sources */,
				E19B7FDC1E977AF5006BCB15 /* uDeviceController.swift in Sources */,
				E19B80011E9FC3E9006BCB15 /* StimulationViewController.swift in Sources */,
			);
			runOnlyForDeploymentPostprocessing = 0;
		};
/* End PBXSourcesBuildPhase section */

/* Begin PBXVariantGroup section */
		E19B7FC61E93E60B006BCB15 /* Main.storyboard */ = {
			isa = PBXVariantGroup;
			children = (
				E19B7FC71E93E60B006BCB15 /* Base */,
				E1FB7D8E1EA65362000C1B40 /* ru */,
			);
			name = Main.storyboard;
			sourceTree = "<group>";
		};
		E19B7FCB1E93E60B006BCB15 /* LaunchScreen.storyboard */ = {
			isa = PBXVariantGroup;
			children = (
				E19B7FCC1E93E60B006BCB15 /* Base */,
				E19B80111EA625C1006BCB15 /* ru */,
			);
			name = LaunchScreen.storyboard;
			sourceTree = "<group>";
		};
		E1FB7D8B1EA62ED7000C1B40 /* Localizable.strings */ = {
			isa = PBXVariantGroup;
			children = (
				E1FB7D8A1EA62ED7000C1B40 /* ru */,
				E1FB7D8C1EA62EE2000C1B40 /* Base */,
			);
			name = Localizable.strings;
			sourceTree = "<group>";
		};
/* End PBXVariantGroup section */

/* Begin XCBuildConfiguration section */
		E19B7FCF1E93E60B006BCB15 /* Debug */ = {
			isa = XCBuildConfiguration;
			buildSettings = {
				ALWAYS_SEARCH_USER_PATHS = NO;
				CLANG_ANALYZER_LOCALIZABILITY_NONLOCALIZED = YES;
				CLANG_ANALYZER_NONNULL = YES;
				CLANG_CXX_LANGUAGE_STANDARD = "gnu++0x";
				CLANG_CXX_LIBRARY = "libc++";
				CLANG_ENABLE_MODULES = YES;
				CLANG_ENABLE_OBJC_ARC = YES;
				CLANG_WARN_BOOL_CONVERSION = YES;
				CLANG_WARN_CONSTANT_CONVERSION = YES;
				CLANG_WARN_DIRECT_OBJC_ISA_USAGE = YES_ERROR;
				CLANG_WARN_DOCUMENTATION_COMMENTS = YES;
				CLANG_WARN_EMPTY_BODY = YES;
				CLANG_WARN_ENUM_CONVERSION = YES;
				CLANG_WARN_INFINITE_RECURSION = YES;
				CLANG_WARN_INT_CONVERSION = YES;
				CLANG_WARN_OBJC_ROOT_CLASS = YES_ERROR;
				CLANG_WARN_SUSPICIOUS_MOVE = YES;
				CLANG_WARN_UNREACHABLE_CODE = YES;
				CLANG_WARN__DUPLICATE_METHOD_MATCH = YES;
				"CODE_SIGN_IDENTITY[sdk=iphoneos*]" = "iPhone Developer";
				COPY_PHASE_STRIP = NO;
				DEBUG_INFORMATION_FORMAT = dwarf;
				ENABLE_STRICT_OBJC_MSGSEND = YES;
				ENABLE_TESTABILITY = YES;
				GCC_C_LANGUAGE_STANDARD = gnu99;
				GCC_DYNAMIC_NO_PIC = NO;
				GCC_NO_COMMON_BLOCKS = YES;
				GCC_OPTIMIZATION_LEVEL = 0;
				GCC_PREPROCESSOR_DEFINITIONS = (
					"DEBUG=1",
					"$(inherited)",
				);
				GCC_WARN_64_TO_32_BIT_CONVERSION = YES;
				GCC_WARN_ABOUT_RETURN_TYPE = YES_ERROR;
				GCC_WARN_UNDECLARED_SELECTOR = YES;
				GCC_WARN_UNINITIALIZED_AUTOS = YES_AGGRESSIVE;
				GCC_WARN_UNUSED_FUNCTION = YES;
				GCC_WARN_UNUSED_VARIABLE = YES;
				IPHONEOS_DEPLOYMENT_TARGET = 9.2;
				MTL_ENABLE_DEBUG_INFO = YES;
				ONLY_ACTIVE_ARCH = YES;
				SDKROOT = iphoneos;
				SWIFT_ACTIVE_COMPILATION_CONDITIONS = DEBUG;
				SWIFT_OPTIMIZATION_LEVEL = "-Onone";
			};
			name = Debug;
		};
		E19B7FD01E93E60B006BCB15 /* Release */ = {
			isa = XCBuildConfiguration;
			buildSettings = {
				ALWAYS_SEARCH_USER_PATHS = NO;
				CLANG_ANALYZER_LOCALIZABILITY_NONLOCALIZED = YES;
				CLANG_ANALYZER_NONNULL = YES;
				CLANG_CXX_LANGUAGE_STANDARD = "gnu++0x";
				CLANG_CXX_LIBRARY = "libc++";
				CLANG_ENABLE_MODULES = YES;
				CLANG_ENABLE_OBJC_ARC = YES;
				CLANG_WARN_BOOL_CONVERSION = YES;
				CLANG_WARN_CONSTANT_CONVERSION = YES;
				CLANG_WARN_DIRECT_OBJC_ISA_USAGE = YES_ERROR;
				CLANG_WARN_DOCUMENTATION_COMMENTS = YES;
				CLANG_WARN_EMPTY_BODY = YES;
				CLANG_WARN_ENUM_CONVERSION = YES;
				CLANG_WARN_INFINITE_RECURSION = YES;
				CLANG_WARN_INT_CONVERSION = YES;
				CLANG_WARN_OBJC_ROOT_CLASS = YES_ERROR;
				CLANG_WARN_SUSPICIOUS_MOVE = YES;
				CLANG_WARN_UNREACHABLE_CODE = YES;
				CLANG_WARN__DUPLICATE_METHOD_MATCH = YES;
				"CODE_SIGN_IDENTITY[sdk=iphoneos*]" = "iPhone Developer";
				COPY_PHASE_STRIP = NO;
				DEBUG_INFORMATION_FORMAT = "dwarf-with-dsym";
				ENABLE_NS_ASSERTIONS = NO;
				ENABLE_STRICT_OBJC_MSGSEND = YES;
				GCC_C_LANGUAGE_STANDARD = gnu99;
				GCC_NO_COMMON_BLOCKS = YES;
				GCC_WARN_64_TO_32_BIT_CONVERSION = YES;
				GCC_WARN_ABOUT_RETURN_TYPE = YES_ERROR;
				GCC_WARN_UNDECLARED_SELECTOR = YES;
				GCC_WARN_UNINITIALIZED_AUTOS = YES_AGGRESSIVE;
				GCC_WARN_UNUSED_FUNCTION = YES;
				GCC_WARN_UNUSED_VARIABLE = YES;
				IPHONEOS_DEPLOYMENT_TARGET = 9.2;
				MTL_ENABLE_DEBUG_INFO = NO;
				SDKROOT = iphoneos;
				SWIFT_OPTIMIZATION_LEVEL = "-Owholemodule";
				VALIDATE_PRODUCT = YES;
			};
			name = Release;
		};
		E19B7FD21E93E60B006BCB15 /* Debug */ = {
			isa = XCBuildConfiguration;
			buildSettings = {
				ASSETCATALOG_COMPILER_APPICON_NAME = AppIcon;
				DEVELOPMENT_TEAM = 5YB68SUT2A;
				INFOPLIST_FILE = CalibriMotionAssistant/Info.plist;
				IPHONEOS_DEPLOYMENT_TARGET = 9.3;
				LD_RUNPATH_SEARCH_PATHS = "$(inherited) @executable_path/Frameworks";
				LIBRARY_SEARCH_PATHS = ../../../ios/libneurosdk/out/;
				PRODUCT_BUNDLE_IDENTIFIER = Neuro.CalibriMotionAssistant;
				PRODUCT_NAME = "$(TARGET_NAME)";
				SWIFT_OBJC_BRIDGING_HEADER = ../../../ios/libneurosdk/out/include/neurosdk.h;
				SWIFT_VERSION = 3.0;
			};
			name = Debug;
		};
		E19B7FD31E93E60B006BCB15 /* Release */ = {
			isa = XCBuildConfiguration;
			buildSettings = {
				ASSETCATALOG_COMPILER_APPICON_NAME = AppIcon;
				DEVELOPMENT_TEAM = 5YB68SUT2A;
				INFOPLIST_FILE = CalibriMotionAssistant/Info.plist;
				IPHONEOS_DEPLOYMENT_TARGET = 9.3;
				LD_RUNPATH_SEARCH_PATHS = "$(inherited) @executable_path/Frameworks";
				LIBRARY_SEARCH_PATHS = ../../../ios/libneurosdk/out/;
				PRODUCT_BUNDLE_IDENTIFIER = Neuro.CalibriMotionAssistant;
				PRODUCT_NAME = "$(TARGET_NAME)";
				SWIFT_OBJC_BRIDGING_HEADER = ../../../ios/libneurosdk/out/include/neurosdk.h;
				SWIFT_VERSION = 3.0;
			};
			name = Release;
		};
/* End XCBuildConfiguration section */

/* Begin XCConfigurationList section */
		E19B7FB81E93E60B006BCB15 /* Build configuration list for PBXProject "CalibriMotionAssistant" */ = {
			isa = XCConfigurationList;
			buildConfigurations = (
				E19B7FCF1E93E60B006BCB15 /* Debug */,
				E19B7FD01E93E60B006BCB15 /* Release */,
			);
			defaultConfigurationIsVisible = 0;
			defaultConfigurationName = Release;
		};
		E19B7FD11E93E60B006BCB15 /* Build configuration list for PBXNativeTarget "CalibriMotionAssistant" */ = {
			isa = XCConfigurationList;
			buildConfigurations = (
				E19B7FD21E93E60B006BCB15 /* Debug */,
				E19B7FD31E93E60B006BCB15 /* Release */,
			);
			defaultConfigurationIsVisible = 0;
			defaultConfigurationName = Release;
		};
/* End XCConfigurationList section */
	};
	rootObject = E19B7FB51E93E60B006BCB15 /* Project object */;
}
