
Microsoft Visual Studio Solution File, Format Version 12.00
# Visual Studio 15
VisualStudioVersion = 15.0.27703.2026
MinimumVisualStudioVersion = 10.0.40219.1
Project("{FAE04EC0-301F-11D3-BF4B-00C04F79EFBC}") = "Signal", "SignalAndResistance\Signal.csproj", "{250AE6CF-B8C9-4F28-BD5A-D776BAC6C37F}"
EndProject
Project("{FAE04EC0-301F-11D3-BF4B-00C04F79EFBC}") = "SignalView", "SignalView\SignalView.csproj", "{9C76705A-F52A-40E6-9F28-7CABCFB2A864}"
EndProject
Project("{FAE04EC0-301F-11D3-BF4B-00C04F79EFBC}") = "Biofeedback", "Biofeedback\Biofeedback.csproj", "{AF33FD4B-FB5E-4C9F-A937-567D904EAD65}"
EndProject
Project("{FAE04EC0-301F-11D3-BF4B-00C04F79EFBC}") = "DeviceInfo", "DeviceInfo\DeviceInfo.csproj", "{B63C55A6-590B-45B4-8575-89F418DF1B07}"
EndProject
Global
	GlobalSection(SolutionConfigurationPlatforms) = preSolution
		Debug|Any CPU = Debug|Any CPU
		Debug|x64 = Debug|x64
		Release|Any CPU = Release|Any CPU
		Release|x64 = Release|x64
	EndGlobalSection
	GlobalSection(ProjectConfigurationPlatforms) = postSolution
		{250AE6CF-B8C9-4F28-BD5A-D776BAC6C37F}.Debug|Any CPU.ActiveCfg = Debug|Any CPU
		{250AE6CF-B8C9-4F28-BD5A-D776BAC6C37F}.Debug|Any CPU.Build.0 = Debug|Any CPU
		{250AE6CF-B8C9-4F28-BD5A-D776BAC6C37F}.Debug|x64.ActiveCfg = Debug|x64
		{250AE6CF-B8C9-4F28-BD5A-D776BAC6C37F}.Debug|x64.Build.0 = Debug|x64
		{250AE6CF-B8C9-4F28-BD5A-D776BAC6C37F}.Release|Any CPU.ActiveCfg = Release|Any CPU
		{250AE6CF-B8C9-4F28-BD5A-D776BAC6C37F}.Release|Any CPU.Build.0 = Release|Any CPU
		{250AE6CF-B8C9-4F28-BD5A-D776BAC6C37F}.Release|x64.ActiveCfg = Release|x64
		{250AE6CF-B8C9-4F28-BD5A-D776BAC6C37F}.Release|x64.Build.0 = Release|x64
		{9C76705A-F52A-40E6-9F28-7CABCFB2A864}.Debug|Any CPU.ActiveCfg = Debug|Any CPU
		{9C76705A-F52A-40E6-9F28-7CABCFB2A864}.Debug|Any CPU.Build.0 = Debug|Any CPU
		{9C76705A-F52A-40E6-9F28-7CABCFB2A864}.Debug|x64.ActiveCfg = Debug|x64
		{9C76705A-F52A-40E6-9F28-7CABCFB2A864}.Debug|x64.Build.0 = Debug|x64
		{9C76705A-F52A-40E6-9F28-7CABCFB2A864}.Release|Any CPU.ActiveCfg = Release|Any CPU
		{9C76705A-F52A-40E6-9F28-7CABCFB2A864}.Release|Any CPU.Build.0 = Release|Any CPU
		{9C76705A-F52A-40E6-9F28-7CABCFB2A864}.Release|x64.ActiveCfg = Release|x64
		{9C76705A-F52A-40E6-9F28-7CABCFB2A864}.Release|x64.Build.0 = Release|x64
		{AF33FD4B-FB5E-4C9F-A937-567D904EAD65}.Debug|Any CPU.ActiveCfg = Debug|Any CPU
		{AF33FD4B-FB5E-4C9F-A937-567D904EAD65}.Debug|Any CPU.Build.0 = Debug|Any CPU
		{AF33FD4B-FB5E-4C9F-A937-567D904EAD65}.Debug|x64.ActiveCfg = Debug|x64
		{AF33FD4B-FB5E-4C9F-A937-567D904EAD65}.Debug|x64.Build.0 = Debug|x64
		{AF33FD4B-FB5E-4C9F-A937-567D904EAD65}.Release|Any CPU.ActiveCfg = Release|Any CPU
		{AF33FD4B-FB5E-4C9F-A937-567D904EAD65}.Release|Any CPU.Build.0 = Release|Any CPU
		{AF33FD4B-FB5E-4C9F-A937-567D904EAD65}.Release|x64.ActiveCfg = Release|x64
		{AF33FD4B-FB5E-4C9F-A937-567D904EAD65}.Release|x64.Build.0 = Release|x64
		{B63C55A6-590B-45B4-8575-89F418DF1B07}.Debug|Any CPU.ActiveCfg = Debug|Any CPU
		{B63C55A6-590B-45B4-8575-89F418DF1B07}.Debug|Any CPU.Build.0 = Debug|Any CPU
		{B63C55A6-590B-45B4-8575-89F418DF1B07}.Debug|x64.ActiveCfg = Debug|Any CPU
		{B63C55A6-590B-45B4-8575-89F418DF1B07}.Debug|x64.Build.0 = Debug|Any CPU
		{B63C55A6-590B-45B4-8575-89F418DF1B07}.Release|Any CPU.ActiveCfg = Release|Any CPU
		{B63C55A6-590B-45B4-8575-89F418DF1B07}.Release|Any CPU.Build.0 = Release|Any CPU
		{B63C55A6-590B-45B4-8575-89F418DF1B07}.Release|x64.ActiveCfg = Release|Any CPU
		{B63C55A6-590B-45B4-8575-89F418DF1B07}.Release|x64.Build.0 = Release|Any CPU
	EndGlobalSection
	GlobalSection(SolutionProperties) = preSolution
		HideSolutionNode = FALSE
	EndGlobalSection
	GlobalSection(ExtensibilityGlobals) = postSolution
		SolutionGuid = {542E395A-A11E-414B-90A0-5C3836660C3E}
	EndGlobalSection
EndGlobal
