
Microsoft Visual Studio Solution File, Format Version 12.00
# Visual Studio 15
VisualStudioVersion = 15.0.27703.2026
MinimumVisualStudioVersion = 10.0.40219.1
Project("{FAE04EC0-301F-11D3-BF4B-00C04F79EFBC}") = "SignalAndResistance", "SignalAndResistance\SignalAndResistance.csproj", "{250AE6CF-B8C9-4F28-BD5A-D776BAC6C37F}"
EndProject
Project("{FAE04EC0-301F-11D3-BF4B-00C04F79EFBC}") = "SignalView", "SignalView\SignalView.csproj", "{9C76705A-F52A-40E6-9F28-7CABCFB2A864}"
EndProject
Global
	GlobalSection(SolutionConfigurationPlatforms) = preSolution
		Debug|x64 = Debug|x64
		Debug|x86 = Debug|x86
		Release|x64 = Release|x64
		Release|x86 = Release|x86
	EndGlobalSection
	GlobalSection(ProjectConfigurationPlatforms) = postSolution
		{250AE6CF-B8C9-4F28-BD5A-D776BAC6C37F}.Debug|x64.ActiveCfg = Debug|x64
		{250AE6CF-B8C9-4F28-BD5A-D776BAC6C37F}.Debug|x64.Build.0 = Debug|x64
		{250AE6CF-B8C9-4F28-BD5A-D776BAC6C37F}.Debug|x86.ActiveCfg = Debug|x86
		{250AE6CF-B8C9-4F28-BD5A-D776BAC6C37F}.Debug|x86.Build.0 = Debug|x86
		{250AE6CF-B8C9-4F28-BD5A-D776BAC6C37F}.Release|x64.ActiveCfg = Release|x64
		{250AE6CF-B8C9-4F28-BD5A-D776BAC6C37F}.Release|x64.Build.0 = Release|x64
		{250AE6CF-B8C9-4F28-BD5A-D776BAC6C37F}.Release|x86.ActiveCfg = Release|x86
		{250AE6CF-B8C9-4F28-BD5A-D776BAC6C37F}.Release|x86.Build.0 = Release|x86
		{9C76705A-F52A-40E6-9F28-7CABCFB2A864}.Debug|x64.ActiveCfg = Debug|x64
		{9C76705A-F52A-40E6-9F28-7CABCFB2A864}.Debug|x64.Build.0 = Debug|x64
		{9C76705A-F52A-40E6-9F28-7CABCFB2A864}.Debug|x86.ActiveCfg = Debug|x86
		{9C76705A-F52A-40E6-9F28-7CABCFB2A864}.Debug|x86.Build.0 = Debug|x86
		{9C76705A-F52A-40E6-9F28-7CABCFB2A864}.Release|x64.ActiveCfg = Release|x64
		{9C76705A-F52A-40E6-9F28-7CABCFB2A864}.Release|x64.Build.0 = Release|x64
		{9C76705A-F52A-40E6-9F28-7CABCFB2A864}.Release|x86.ActiveCfg = Release|x86
		{9C76705A-F52A-40E6-9F28-7CABCFB2A864}.Release|x86.Build.0 = Release|x86
	EndGlobalSection
	GlobalSection(SolutionProperties) = preSolution
		HideSolutionNode = FALSE
	EndGlobalSection
	GlobalSection(ExtensibilityGlobals) = postSolution
		SolutionGuid = {542E395A-A11E-414B-90A0-5C3836660C3E}
	EndGlobalSection
EndGlobal
